
Microsoft Visual Studio Solution File, Format Version 12.00
# Visual Studio Version 17
VisualStudioVersion = 17.11.35222.181
MinimumVisualStudioVersion = 10.0.40219.1
Project("{FAE04EC0-301F-11D3-BF4B-00C04F79EFBC}") = "AngularEcommerceApp", "My_Ecom_Dotnet/AngularEcommerceApp.csproj", "{ADA67ED8-1323-4F17-8BE3-FAE8B54C708F}"
EndProject
Project("{FAE04EC0-301F-11D3-BF4B-00C04F79EFBC}") = "Infra", "Infra\Infra.csproj", "{C473DEE0-949D-4660-8EF6-CC313F4C7375}"
EndProject
Project("{FAE04EC0-301F-11D3-BF4B-00C04F79EFBC}") = "Middleware", "Middleware\Middleware.csproj", "{CE5A7AF4-5ABF-48A1-9A53-E8B5EF93C724}"
EndProject
Project("{FAE04EC0-301F-11D3-BF4B-00C04F79EFBC}") = "Services", "Services\Services.csproj", "{EC87EF5F-55EA-49B7-B423-CC72A19AAA2E}"
EndProject
Project("{FAE04EC0-301F-11D3-BF4B-00C04F79EFBC}") = "Shared", "Shared\Shared.csproj", "{23E7DF3E-4AD3-4113-A0E9-6FDB27D594D9}"
EndProject
Global
	GlobalSection(SolutionConfigurationPlatforms) = preSolution
		Debug|Any CPU = Debug|Any CPU
		Release|Any CPU = Release|Any CPU
	EndGlobalSection
	GlobalSection(ProjectConfigurationPlatforms) = postSolution
		{ADA67ED8-1323-4F17-8BE3-FAE8B54C708F}.Debug|Any CPU.ActiveCfg = Debug|Any CPU
		{ADA67ED8-1323-4F17-8BE3-FAE8B54C708F}.Debug|Any CPU.Build.0 = Debug|Any CPU
		{ADA67ED8-1323-4F17-8BE3-FAE8B54C708F}.Release|Any CPU.ActiveCfg = Release|Any CPU
		{ADA67ED8-1323-4F17-8BE3-FAE8B54C708F}.Release|Any CPU.Build.0 = Release|Any CPU
		{C473DEE0-949D-4660-8EF6-CC313F4C7375}.Debug|Any CPU.ActiveCfg = Debug|Any CPU
		{C473DEE0-949D-4660-8EF6-CC313F4C7375}.Debug|Any CPU.Build.0 = Debug|Any CPU
		{C473DEE0-949D-4660-8EF6-CC313F4C7375}.Release|Any CPU.ActiveCfg = Release|Any CPU
		{C473DEE0-949D-4660-8EF6-CC313F4C7375}.Release|Any CPU.Build.0 = Release|Any CPU
		{CE5A7AF4-5ABF-48A1-9A53-E8B5EF93C724}.Debug|Any CPU.ActiveCfg = Debug|Any CPU
		{CE5A7AF4-5ABF-48A1-9A53-E8B5EF93C724}.Debug|Any CPU.Build.0 = Debug|Any CPU
		{CE5A7AF4-5ABF-48A1-9A53-E8B5EF93C724}.Release|Any CPU.ActiveCfg = Release|Any CPU
		{CE5A7AF4-5ABF-48A1-9A53-E8B5EF93C724}.Release|Any CPU.Build.0 = Release|Any CPU
		{EC87EF5F-55EA-49B7-B423-CC72A19AAA2E}.Debug|Any CPU.ActiveCfg = Debug|Any CPU
		{EC87EF5F-55EA-49B7-B423-CC72A19AAA2E}.Debug|Any CPU.Build.0 = Debug|Any CPU
		{EC87EF5F-55EA-49B7-B423-CC72A19AAA2E}.Release|Any CPU.ActiveCfg = Release|Any CPU
		{EC87EF5F-55EA-49B7-B423-CC72A19AAA2E}.Release|Any CPU.Build.0 = Release|Any CPU
		{23E7DF3E-4AD3-4113-A0E9-6FDB27D594D9}.Debug|Any CPU.ActiveCfg = Debug|Any CPU
		{23E7DF3E-4AD3-4113-A0E9-6FDB27D594D9}.Debug|Any CPU.Build.0 = Debug|Any CPU
		{23E7DF3E-4AD3-4113-A0E9-6FDB27D594D9}.Release|Any CPU.ActiveCfg = Release|Any CPU
		{23E7DF3E-4AD3-4113-A0E9-6FDB27D594D9}.Release|Any CPU.Build.0 = Release|Any CPU
	EndGlobalSection
	GlobalSection(SolutionProperties) = preSolution
		HideSolutionNode = FALSE
	EndGlobalSection
	GlobalSection(ExtensibilityGlobals) = postSolution
		SolutionGuid = {81CEB0BA-EE4D-4104-979E-273DF0BB7528}
	EndGlobalSection
EndGlobal
